
Microsoft Visual Studio Solution File, Format Version 12.00
# Visual Studio Version 17
VisualStudioVersion = 17.6.33815.320
MinimumVisualStudioVersion = 10.0.40219.1
Project("{FAE04EC0-301F-11D3-BF4B-00C04F79EFBC}") = "CJTasksHelperBot", "CJTasksHelperBot\CJTasksHelperBot.csproj", "{C0765BF2-3F3D-42B5-87C6-98B3BD550394}"
EndProject
Global
	GlobalSection(SolutionConfigurationPlatforms) = preSolution
		Debug|Any CPU = Debug|Any CPU
		Release|Any CPU = Release|Any CPU
	EndGlobalSection
	GlobalSection(ProjectConfigurationPlatforms) = postSolution
		{C0765BF2-3F3D-42B5-87C6-98B3BD550394}.Debug|Any CPU.ActiveCfg = Debug|Any CPU
		{C0765BF2-3F3D-42B5-87C6-98B3BD550394}.Debug|Any CPU.Build.0 = Debug|Any CPU
		{C0765BF2-3F3D-42B5-87C6-98B3BD550394}.Release|Any CPU.ActiveCfg = Release|Any CPU
		{C0765BF2-3F3D-42B5-87C6-98B3BD550394}.Release|Any CPU.Build.0 = Release|Any CPU
	EndGlobalSection
	GlobalSection(SolutionProperties) = preSolution
		HideSolutionNode = FALSE
	EndGlobalSection
	GlobalSection(ExtensibilityGlobals) = postSolution
		SolutionGuid = {69EDCC9A-7C47-4B18-9B8F-C2E3471F1C21}
	EndGlobalSection
EndGlobal
